# This file is automatically @generated by Cargo.
# It is not intended for manual editing.
version = 3

[[package]]
name = "bigint-base10"
version = "0.1.1"
source = "registry+https://github.com/rust-lang/crates.io-index"
checksum = "20511b20eb753dd3988946f4a3deafdfffc4c408aa8c5171a17a78c7150ab3de"

[[package]]
name = "rs1"
version = "0.1.0"
dependencies = [
 "bigint-base10",
]
